
Microsoft Visual Studio Solution File, Format Version 12.00
# Visual Studio Version 17
VisualStudioVersion = 17.8.34525.116
MinimumVisualStudioVersion = 10.0.40219.1
Project("{FAE04EC0-301F-11D3-BF4B-00C04F79EFBC}") = "SITEC.GLOBAL", "SITEC.GLOBAL\SITEC.GLOBAL.csproj", "{255FED7D-B169-4BDC-86B2-5F8319E08E92}"
EndProject
Global
	GlobalSection(SolutionConfigurationPlatforms) = preSolution
		Debug|Any CPU = Debug|Any CPU
		Release|Any CPU = Release|Any CPU
	EndGlobalSection
	GlobalSection(ProjectConfigurationPlatforms) = postSolution
		{255FED7D-B169-4BDC-86B2-5F8319E08E92}.Debug|Any CPU.ActiveCfg = Debug|Any CPU
		{255FED7D-B169-4BDC-86B2-5F8319E08E92}.Debug|Any CPU.Build.0 = Debug|Any CPU
		{255FED7D-B169-4BDC-86B2-5F8319E08E92}.Release|Any CPU.ActiveCfg = Release|Any CPU
		{255FED7D-B169-4BDC-86B2-5F8319E08E92}.Release|Any CPU.Build.0 = Release|Any CPU
	EndGlobalSection
	GlobalSection(SolutionProperties) = preSolution
		HideSolutionNode = FALSE
	EndGlobalSection
	GlobalSection(ExtensibilityGlobals) = postSolution
		SolutionGuid = {C89C98B8-7892-4115-A095-4E65EB5BF987}
	EndGlobalSection
EndGlobal
